
Microsoft Visual Studio Solution File, Format Version 12.00
# Visual Studio Version 16
VisualStudioVersion = 16.0.30330.147
MinimumVisualStudioVersion = 10.0.40219.1
Project("{159641D6-6404-4A2A-AE62-294DE0FE8301}") = "SsisPackages", "SsisPackages\SsisPackages.dtproj", "{127EE71E-533D-42DD-B78E-9F3A51A18CA1}"
EndProject
Global
	GlobalSection(SolutionConfigurationPlatforms) = preSolution
		Azure|Default = Azure|Default
		Development|Default = Development|Default
	EndGlobalSection
	GlobalSection(ProjectConfigurationPlatforms) = postSolution
		{127EE71E-533D-42DD-B78E-9F3A51A18CA1}.Azure|Default.ActiveCfg = Azure
		{127EE71E-533D-42DD-B78E-9F3A51A18CA1}.Azure|Default.Build.0 = Azure
		{127EE71E-533D-42DD-B78E-9F3A51A18CA1}.Development|Default.ActiveCfg = Development
		{127EE71E-533D-42DD-B78E-9F3A51A18CA1}.Development|Default.Build.0 = Development
	EndGlobalSection
	GlobalSection(SolutionProperties) = preSolution
		HideSolutionNode = FALSE
	EndGlobalSection
	GlobalSection(ExtensibilityGlobals) = postSolution
		SolutionGuid = {B2FD1719-9BB7-4903-8165-D0BF6BC8F3CE}
	EndGlobalSection
EndGlobal
